
Microsoft Visual Studio Solution File, Format Version 12.00
# Visual Studio Version 17
VisualStudioVersion = 17.3.32922.545
MinimumVisualStudioVersion = 10.0.40219.1
Project("{9A19103F-16F7-4668-BE54-9A1E7A4F7556}") = "Pixl", "Pixl\Pixl.csproj", "{0D212C03-FF1D-4F4B-97BD-2DD36BF757DD}"
EndProject
Project("{9A19103F-16F7-4668-BE54-9A1E7A4F7556}") = "Pixl.Editor", "Pixl.Editor\Pixl.Editor.csproj", "{4507C77B-25A8-4346-9AC7-F48129069FC3}"
EndProject
Project("{9A19103F-16F7-4668-BE54-9A1E7A4F7556}") = "Pixl.Win", "Pixl.Win\Pixl.Win.csproj", "{C289FF09-66E7-4CC5-BCCD-3910D900AAC7}"
EndProject
Project("{9A19103F-16F7-4668-BE54-9A1E7A4F7556}") = "Pixl.Win.Editor", "Pixl.Win.Editor\Pixl.Win.Editor.csproj", "{83BCBF9E-729A-4703-9821-2929458F29CC}"
EndProject
Project("{9A19103F-16F7-4668-BE54-9A1E7A4F7556}") = "Pixl.Win.Player", "Pixl.Win.Player\Pixl.Win.Player.csproj", "{66A6C77C-B1E7-496C-B2F3-300D7DFB6CFB}"
EndProject
Project("{9A19103F-16F7-4668-BE54-9A1E7A4F7556}") = "Pixl.Mac.Player", "Pixl.Mac.Player\Pixl.Mac.Player.csproj", "{26306AAC-B410-42D8-BFEA-1A0061651CF4}"
EndProject
Project("{9A19103F-16F7-4668-BE54-9A1E7A4F7556}") = "Pixl.Mac", "Pixl.Mac\Pixl.Mac.csproj", "{A99C038F-682F-40E2-BAAC-5EC6FD376DD2}"
EndProject
Project("{9A19103F-16F7-4668-BE54-9A1E7A4F7556}") = "Pixl.iOS", "Pixl.iOS\Pixl.iOS.csproj", "{920C4651-958C-4DC5-A80D-C98053DD7B7A}"
EndProject
Project("{9A19103F-16F7-4668-BE54-9A1E7A4F7556}") = "Pixl.iOS.Player", "Pixl.iOS.Player\Pixl.iOS.Player.csproj", "{DBFEDEC7-0C36-4AE5-A444-1ABABD874F8D}"
EndProject
Project("{9A19103F-16F7-4668-BE54-9A1E7A4F7556}") = "Pixl.Mac.Editor", "Pixl.Mac.Editor\Pixl.Mac.Editor.csproj", "{C44F00B7-4841-45CE-8E11-2FCAE9D6ABD6}"
EndProject
Global
	GlobalSection(SolutionConfigurationPlatforms) = preSolution
		Debug|Any CPU = Debug|Any CPU
		Debug|iPhone = Debug|iPhone
		Debug|iPhoneSimulator = Debug|iPhoneSimulator
		Release|Any CPU = Release|Any CPU
		Release|iPhone = Release|iPhone
		Release|iPhoneSimulator = Release|iPhoneSimulator
	EndGlobalSection
	GlobalSection(ProjectConfigurationPlatforms) = postSolution
		{0D212C03-FF1D-4F4B-97BD-2DD36BF757DD}.Debug|Any CPU.ActiveCfg = Debug|Any CPU
		{0D212C03-FF1D-4F4B-97BD-2DD36BF757DD}.Debug|Any CPU.Build.0 = Debug|Any CPU
		{0D212C03-FF1D-4F4B-97BD-2DD36BF757DD}.Debug|iPhone.ActiveCfg = Debug|Any CPU
		{0D212C03-FF1D-4F4B-97BD-2DD36BF757DD}.Debug|iPhone.Build.0 = Debug|Any CPU
		{0D212C03-FF1D-4F4B-97BD-2DD36BF757DD}.Debug|iPhoneSimulator.ActiveCfg = Debug|Any CPU
		{0D212C03-FF1D-4F4B-97BD-2DD36BF757DD}.Debug|iPhoneSimulator.Build.0 = Debug|Any CPU
		{0D212C03-FF1D-4F4B-97BD-2DD36BF757DD}.Release|Any CPU.ActiveCfg = Release|Any CPU
		{0D212C03-FF1D-4F4B-97BD-2DD36BF757DD}.Release|Any CPU.Build.0 = Release|Any CPU
		{0D212C03-FF1D-4F4B-97BD-2DD36BF757DD}.Release|iPhone.ActiveCfg = Release|Any CPU
		{0D212C03-FF1D-4F4B-97BD-2DD36BF757DD}.Release|iPhone.Build.0 = Release|Any CPU
		{0D212C03-FF1D-4F4B-97BD-2DD36BF757DD}.Release|iPhoneSimulator.ActiveCfg = Release|Any CPU
		{0D212C03-FF1D-4F4B-97BD-2DD36BF757DD}.Release|iPhoneSimulator.Build.0 = Release|Any CPU
		{4507C77B-25A8-4346-9AC7-F48129069FC3}.Debug|Any CPU.ActiveCfg = Debug|Any CPU
		{4507C77B-25A8-4346-9AC7-F48129069FC3}.Debug|Any CPU.Build.0 = Debug|Any CPU
		{4507C77B-25A8-4346-9AC7-F48129069FC3}.Debug|iPhone.ActiveCfg = Debug|Any CPU
		{4507C77B-25A8-4346-9AC7-F48129069FC3}.Debug|iPhone.Build.0 = Debug|Any CPU
		{4507C77B-25A8-4346-9AC7-F48129069FC3}.Debug|iPhoneSimulator.ActiveCfg = Debug|Any CPU
		{4507C77B-25A8-4346-9AC7-F48129069FC3}.Debug|iPhoneSimulator.Build.0 = Debug|Any CPU
		{4507C77B-25A8-4346-9AC7-F48129069FC3}.Release|Any CPU.ActiveCfg = Release|Any CPU
		{4507C77B-25A8-4346-9AC7-F48129069FC3}.Release|Any CPU.Build.0 = Release|Any CPU
		{4507C77B-25A8-4346-9AC7-F48129069FC3}.Release|iPhone.ActiveCfg = Release|Any CPU
		{4507C77B-25A8-4346-9AC7-F48129069FC3}.Release|iPhone.Build.0 = Release|Any CPU
		{4507C77B-25A8-4346-9AC7-F48129069FC3}.Release|iPhoneSimulator.ActiveCfg = Release|Any CPU
		{4507C77B-25A8-4346-9AC7-F48129069FC3}.Release|iPhoneSimulator.Build.0 = Release|Any CPU
		{C289FF09-66E7-4CC5-BCCD-3910D900AAC7}.Debug|Any CPU.ActiveCfg = Debug|Any CPU
		{C289FF09-66E7-4CC5-BCCD-3910D900AAC7}.Debug|Any CPU.Build.0 = Debug|Any CPU
		{C289FF09-66E7-4CC5-BCCD-3910D900AAC7}.Debug|iPhone.ActiveCfg = Debug|Any CPU
		{C289FF09-66E7-4CC5-BCCD-3910D900AAC7}.Debug|iPhone.Build.0 = Debug|Any CPU
		{C289FF09-66E7-4CC5-BCCD-3910D900AAC7}.Debug|iPhoneSimulator.ActiveCfg = Debug|Any CPU
		{C289FF09-66E7-4CC5-BCCD-3910D900AAC7}.Debug|iPhoneSimulator.Build.0 = Debug|Any CPU
		{C289FF09-66E7-4CC5-BCCD-3910D900AAC7}.Release|Any CPU.ActiveCfg = Release|Any CPU
		{C289FF09-66E7-4CC5-BCCD-3910D900AAC7}.Release|Any CPU.Build.0 = Release|Any CPU
		{C289FF09-66E7-4CC5-BCCD-3910D900AAC7}.Release|iPhone.ActiveCfg = Release|Any CPU
		{C289FF09-66E7-4CC5-BCCD-3910D900AAC7}.Release|iPhone.Build.0 = Release|Any CPU
		{C289FF09-66E7-4CC5-BCCD-3910D900AAC7}.Release|iPhoneSimulator.ActiveCfg = Release|Any CPU
		{C289FF09-66E7-4CC5-BCCD-3910D900AAC7}.Release|iPhoneSimulator.Build.0 = Release|Any CPU
		{83BCBF9E-729A-4703-9821-2929458F29CC}.Debug|Any CPU.ActiveCfg = Debug|Any CPU
		{83BCBF9E-729A-4703-9821-2929458F29CC}.Debug|Any CPU.Build.0 = Debug|Any CPU
		{83BCBF9E-729A-4703-9821-2929458F29CC}.Debug|iPhone.ActiveCfg = Debug|Any CPU
		{83BCBF9E-729A-4703-9821-2929458F29CC}.Debug|iPhone.Build.0 = Debug|Any CPU
		{83BCBF9E-729A-4703-9821-2929458F29CC}.Debug|iPhoneSimulator.ActiveCfg = Debug|Any CPU
		{83BCBF9E-729A-4703-9821-2929458F29CC}.Debug|iPhoneSimulator.Build.0 = Debug|Any CPU
		{83BCBF9E-729A-4703-9821-2929458F29CC}.Release|Any CPU.ActiveCfg = Release|Any CPU
		{83BCBF9E-729A-4703-9821-2929458F29CC}.Release|Any CPU.Build.0 = Release|Any CPU
		{83BCBF9E-729A-4703-9821-2929458F29CC}.Release|iPhone.ActiveCfg = Release|Any CPU
		{83BCBF9E-729A-4703-9821-2929458F29CC}.Release|iPhone.Build.0 = Release|Any CPU
		{83BCBF9E-729A-4703-9821-2929458F29CC}.Release|iPhoneSimulator.ActiveCfg = Release|Any CPU
		{83BCBF9E-729A-4703-9821-2929458F29CC}.Release|iPhoneSimulator.Build.0 = Release|Any CPU
		{66A6C77C-B1E7-496C-B2F3-300D7DFB6CFB}.Debug|Any CPU.ActiveCfg = Debug|Any CPU
		{66A6C77C-B1E7-496C-B2F3-300D7DFB6CFB}.Debug|Any CPU.Build.0 = Debug|Any CPU
		{66A6C77C-B1E7-496C-B2F3-300D7DFB6CFB}.Debug|iPhone.ActiveCfg = Debug|Any CPU
		{66A6C77C-B1E7-496C-B2F3-300D7DFB6CFB}.Debug|iPhone.Build.0 = Debug|Any CPU
		{66A6C77C-B1E7-496C-B2F3-300D7DFB6CFB}.Debug|iPhoneSimulator.ActiveCfg = Debug|Any CPU
		{66A6C77C-B1E7-496C-B2F3-300D7DFB6CFB}.Debug|iPhoneSimulator.Build.0 = Debug|Any CPU
		{66A6C77C-B1E7-496C-B2F3-300D7DFB6CFB}.Release|Any CPU.ActiveCfg = Release|Any CPU
		{66A6C77C-B1E7-496C-B2F3-300D7DFB6CFB}.Release|Any CPU.Build.0 = Release|Any CPU
		{66A6C77C-B1E7-496C-B2F3-300D7DFB6CFB}.Release|iPhone.ActiveCfg = Release|Any CPU
		{66A6C77C-B1E7-496C-B2F3-300D7DFB6CFB}.Release|iPhone.Build.0 = Release|Any CPU
		{66A6C77C-B1E7-496C-B2F3-300D7DFB6CFB}.Release|iPhoneSimulator.ActiveCfg = Release|Any CPU
		{66A6C77C-B1E7-496C-B2F3-300D7DFB6CFB}.Release|iPhoneSimulator.Build.0 = Release|Any CPU
		{26306AAC-B410-42D8-BFEA-1A0061651CF4}.Debug|Any CPU.ActiveCfg = Debug|Any CPU
		{26306AAC-B410-42D8-BFEA-1A0061651CF4}.Debug|Any CPU.Build.0 = Debug|Any CPU
		{26306AAC-B410-42D8-BFEA-1A0061651CF4}.Debug|iPhone.ActiveCfg = Debug|Any CPU
		{26306AAC-B410-42D8-BFEA-1A0061651CF4}.Debug|iPhone.Build.0 = Debug|Any CPU
		{26306AAC-B410-42D8-BFEA-1A0061651CF4}.Debug|iPhoneSimulator.ActiveCfg = Debug|Any CPU
		{26306AAC-B410-42D8-BFEA-1A0061651CF4}.Debug|iPhoneSimulator.Build.0 = Debug|Any CPU
		{26306AAC-B410-42D8-BFEA-1A0061651CF4}.Release|Any CPU.ActiveCfg = Release|Any CPU
		{26306AAC-B410-42D8-BFEA-1A0061651CF4}.Release|Any CPU.Build.0 = Release|Any CPU
		{26306AAC-B410-42D8-BFEA-1A0061651CF4}.Release|iPhone.ActiveCfg = Release|Any CPU
		{26306AAC-B410-42D8-BFEA-1A0061651CF4}.Release|iPhone.Build.0 = Release|Any CPU
		{26306AAC-B410-42D8-BFEA-1A0061651CF4}.Release|iPhoneSimulator.ActiveCfg = Release|Any CPU
		{26306AAC-B410-42D8-BFEA-1A0061651CF4}.Release|iPhoneSimulator.Build.0 = Release|Any CPU
		{A99C038F-682F-40E2-BAAC-5EC6FD376DD2}.Debug|Any CPU.ActiveCfg = Debug|Any CPU
		{A99C038F-682F-40E2-BAAC-5EC6FD376DD2}.Debug|Any CPU.Build.0 = Debug|Any CPU
		{A99C038F-682F-40E2-BAAC-5EC6FD376DD2}.Debug|iPhone.ActiveCfg = Debug|Any CPU
		{A99C038F-682F-40E2-BAAC-5EC6FD376DD2}.Debug|iPhone.Build.0 = Debug|Any CPU
		{A99C038F-682F-40E2-BAAC-5EC6FD376DD2}.Debug|iPhoneSimulator.ActiveCfg = Debug|Any CPU
		{A99C038F-682F-40E2-BAAC-5EC6FD376DD2}.Debug|iPhoneSimulator.Build.0 = Debug|Any CPU
		{A99C038F-682F-40E2-BAAC-5EC6FD376DD2}.Release|Any CPU.ActiveCfg = Release|Any CPU
		{A99C038F-682F-40E2-BAAC-5EC6FD376DD2}.Release|Any CPU.Build.0 = Release|Any CPU
		{A99C038F-682F-40E2-BAAC-5EC6FD376DD2}.Release|iPhone.ActiveCfg = Release|Any CPU
		{A99C038F-682F-40E2-BAAC-5EC6FD376DD2}.Release|iPhone.Build.0 = Release|Any CPU
		{A99C038F-682F-40E2-BAAC-5EC6FD376DD2}.Release|iPhoneSimulator.ActiveCfg = Release|Any CPU
		{A99C038F-682F-40E2-BAAC-5EC6FD376DD2}.Release|iPhoneSimulator.Build.0 = Release|Any CPU
		{920C4651-958C-4DC5-A80D-C98053DD7B7A}.Debug|Any CPU.ActiveCfg = Debug|Any CPU
		{920C4651-958C-4DC5-A80D-C98053DD7B7A}.Debug|Any CPU.Build.0 = Debug|Any CPU
		{920C4651-958C-4DC5-A80D-C98053DD7B7A}.Debug|iPhone.ActiveCfg = Debug|Any CPU
		{920C4651-958C-4DC5-A80D-C98053DD7B7A}.Debug|iPhone.Build.0 = Debug|Any CPU
		{920C4651-958C-4DC5-A80D-C98053DD7B7A}.Debug|iPhoneSimulator.ActiveCfg = Debug|Any CPU
		{920C4651-958C-4DC5-A80D-C98053DD7B7A}.Debug|iPhoneSimulator.Build.0 = Debug|Any CPU
		{920C4651-958C-4DC5-A80D-C98053DD7B7A}.Release|Any CPU.ActiveCfg = Release|Any CPU
		{920C4651-958C-4DC5-A80D-C98053DD7B7A}.Release|Any CPU.Build.0 = Release|Any CPU
		{920C4651-958C-4DC5-A80D-C98053DD7B7A}.Release|iPhone.ActiveCfg = Release|Any CPU
		{920C4651-958C-4DC5-A80D-C98053DD7B7A}.Release|iPhone.Build.0 = Release|Any CPU
		{920C4651-958C-4DC5-A80D-C98053DD7B7A}.Release|iPhoneSimulator.ActiveCfg = Release|Any CPU
		{920C4651-958C-4DC5-A80D-C98053DD7B7A}.Release|iPhoneSimulator.Build.0 = Release|Any CPU
		{DBFEDEC7-0C36-4AE5-A444-1ABABD874F8D}.Debug|Any CPU.ActiveCfg = Debug|Any CPU
		{DBFEDEC7-0C36-4AE5-A444-1ABABD874F8D}.Debug|Any CPU.Build.0 = Debug|Any CPU
		{DBFEDEC7-0C36-4AE5-A444-1ABABD874F8D}.Debug|iPhone.ActiveCfg = Debug|Any CPU
		{DBFEDEC7-0C36-4AE5-A444-1ABABD874F8D}.Debug|iPhone.Build.0 = Debug|Any CPU
		{DBFEDEC7-0C36-4AE5-A444-1ABABD874F8D}.Debug|iPhoneSimulator.ActiveCfg = Debug|Any CPU
		{DBFEDEC7-0C36-4AE5-A444-1ABABD874F8D}.Debug|iPhoneSimulator.Build.0 = Debug|Any CPU
		{DBFEDEC7-0C36-4AE5-A444-1ABABD874F8D}.Release|Any CPU.ActiveCfg = Release|Any CPU
		{DBFEDEC7-0C36-4AE5-A444-1ABABD874F8D}.Release|Any CPU.Build.0 = Release|Any CPU
		{DBFEDEC7-0C36-4AE5-A444-1ABABD874F8D}.Release|iPhone.ActiveCfg = Release|Any CPU
		{DBFEDEC7-0C36-4AE5-A444-1ABABD874F8D}.Release|iPhone.Build.0 = Release|Any CPU
		{DBFEDEC7-0C36-4AE5-A444-1ABABD874F8D}.Release|iPhoneSimulator.ActiveCfg = Release|Any CPU
		{DBFEDEC7-0C36-4AE5-A444-1ABABD874F8D}.Release|iPhoneSimulator.Build.0 = Release|Any CPU
		{C44F00B7-4841-45CE-8E11-2FCAE9D6ABD6}.Debug|Any CPU.ActiveCfg = Debug|Any CPU
		{C44F00B7-4841-45CE-8E11-2FCAE9D6ABD6}.Debug|Any CPU.Build.0 = Debug|Any CPU
		{C44F00B7-4841-45CE-8E11-2FCAE9D6ABD6}.Debug|iPhone.ActiveCfg = Debug|Any CPU
		{C44F00B7-4841-45CE-8E11-2FCAE9D6ABD6}.Debug|iPhone.Build.0 = Debug|Any CPU
		{C44F00B7-4841-45CE-8E11-2FCAE9D6ABD6}.Debug|iPhoneSimulator.ActiveCfg = Debug|Any CPU
		{C44F00B7-4841-45CE-8E11-2FCAE9D6ABD6}.Debug|iPhoneSimulator.Build.0 = Debug|Any CPU
		{C44F00B7-4841-45CE-8E11-2FCAE9D6ABD6}.Release|Any CPU.ActiveCfg = Release|Any CPU
		{C44F00B7-4841-45CE-8E11-2FCAE9D6ABD6}.Release|Any CPU.Build.0 = Release|Any CPU
		{C44F00B7-4841-45CE-8E11-2FCAE9D6ABD6}.Release|iPhone.ActiveCfg = Release|Any CPU
		{C44F00B7-4841-45CE-8E11-2FCAE9D6ABD6}.Release|iPhone.Build.0 = Release|Any CPU
		{C44F00B7-4841-45CE-8E11-2FCAE9D6ABD6}.Release|iPhoneSimulator.ActiveCfg = Release|Any CPU
		{C44F00B7-4841-45CE-8E11-2FCAE9D6ABD6}.Release|iPhoneSimulator.Build.0 = Release|Any CPU
	EndGlobalSection
	GlobalSection(SolutionProperties) = preSolution
		HideSolutionNode = FALSE
	EndGlobalSection
	GlobalSection(ExtensibilityGlobals) = postSolution
		SolutionGuid = {E2987D16-295A-4FB4-AF1C-FD1EAB7072CD}
	EndGlobalSection
EndGlobal
